
Microsoft Visual Studio Solution File, Format Version 12.00
# Visual Studio Version 16
VisualStudioVersion = 16.0.31129.286
MinimumVisualStudioVersion = 10.0.40219.1
Project("{FAE04EC0-301F-11D3-BF4B-00C04F79EFBC}") = "DataAccess.Config", "DataAccess.Config\DataAccess.Config.csproj", "{17B90B81-892C-4240-84F7-FB2940067C9B}"
EndProject
Project("{FAE04EC0-301F-11D3-BF4B-00C04F79EFBC}") = "WebApi", "WebApi\WebApi.csproj", "{331E54DB-E10B-4AFD-BD2B-A6704D2372A0}"
EndProject
Project("{FAE04EC0-301F-11D3-BF4B-00C04F79EFBC}") = "DataAccess.Interface", "DataAccess.Interface\DataAccess.Interface.csproj", "{C0213B64-F601-4FD2-82BF-FC293015D984}"
EndProject
Project("{FAE04EC0-301F-11D3-BF4B-00C04F79EFBC}") = "DataAccess.Implementation", "DataAccess.Implementation\DataAccess.Implementation.csproj", "{5CBCD06A-65E5-4973-85DE-706BF4066A78}"
EndProject
Project("{FAE04EC0-301F-11D3-BF4B-00C04F79EFBC}") = "Entities", "Entities\Entities.csproj", "{8FC5DC42-1655-4917-BFE6-966C47B52AD0}"
EndProject
Project("{FAE04EC0-301F-11D3-BF4B-00C04F79EFBC}") = "Services.Interface", "Services.Interface\Services.Interface.csproj", "{C132D8EB-DBDB-4977-8A13-B68465DC31E6}"
EndProject
Project("{FAE04EC0-301F-11D3-BF4B-00C04F79EFBC}") = "Services.Implementation", "Services.Implementation\Services.Implementation.csproj", "{A87859BF-AC68-4A97-BCF5-0CB6F8539E3E}"
EndProject
Project("{FAE04EC0-301F-11D3-BF4B-00C04F79EFBC}") = "DataAccess.Tests", "DataAccess.Tests\DataAccess.Tests.csproj", "{6EAB7F2E-0AA9-459B-AE61-44B73786CBB9}"
EndProject
Project("{FAE04EC0-301F-11D3-BF4B-00C04F79EFBC}") = "Injector", "Injector\Injector.csproj", "{826DF4FC-F16C-4D1B-B878-E1A94454CD19}"
EndProject
Global
	GlobalSection(SolutionConfigurationPlatforms) = preSolution
		Debug|Any CPU = Debug|Any CPU
		Release|Any CPU = Release|Any CPU
	EndGlobalSection
	GlobalSection(ProjectConfigurationPlatforms) = postSolution
		{17B90B81-892C-4240-84F7-FB2940067C9B}.Debug|Any CPU.ActiveCfg = Debug|Any CPU
		{17B90B81-892C-4240-84F7-FB2940067C9B}.Debug|Any CPU.Build.0 = Debug|Any CPU
		{17B90B81-892C-4240-84F7-FB2940067C9B}.Release|Any CPU.ActiveCfg = Release|Any CPU
		{17B90B81-892C-4240-84F7-FB2940067C9B}.Release|Any CPU.Build.0 = Release|Any CPU
		{331E54DB-E10B-4AFD-BD2B-A6704D2372A0}.Debug|Any CPU.ActiveCfg = Debug|Any CPU
		{331E54DB-E10B-4AFD-BD2B-A6704D2372A0}.Debug|Any CPU.Build.0 = Debug|Any CPU
		{331E54DB-E10B-4AFD-BD2B-A6704D2372A0}.Release|Any CPU.ActiveCfg = Release|Any CPU
		{331E54DB-E10B-4AFD-BD2B-A6704D2372A0}.Release|Any CPU.Build.0 = Release|Any CPU
		{C0213B64-F601-4FD2-82BF-FC293015D984}.Debug|Any CPU.ActiveCfg = Debug|Any CPU
		{C0213B64-F601-4FD2-82BF-FC293015D984}.Debug|Any CPU.Build.0 = Debug|Any CPU
		{C0213B64-F601-4FD2-82BF-FC293015D984}.Release|Any CPU.ActiveCfg = Release|Any CPU
		{C0213B64-F601-4FD2-82BF-FC293015D984}.Release|Any CPU.Build.0 = Release|Any CPU
		{5CBCD06A-65E5-4973-85DE-706BF4066A78}.Debug|Any CPU.ActiveCfg = Debug|Any CPU
		{5CBCD06A-65E5-4973-85DE-706BF4066A78}.Debug|Any CPU.Build.0 = Debug|Any CPU
		{5CBCD06A-65E5-4973-85DE-706BF4066A78}.Release|Any CPU.ActiveCfg = Release|Any CPU
		{5CBCD06A-65E5-4973-85DE-706BF4066A78}.Release|Any CPU.Build.0 = Release|Any CPU
		{8FC5DC42-1655-4917-BFE6-966C47B52AD0}.Debug|Any CPU.ActiveCfg = Debug|Any CPU
		{8FC5DC42-1655-4917-BFE6-966C47B52AD0}.Debug|Any CPU.Build.0 = Debug|Any CPU
		{8FC5DC42-1655-4917-BFE6-966C47B52AD0}.Release|Any CPU.ActiveCfg = Release|Any CPU
		{8FC5DC42-1655-4917-BFE6-966C47B52AD0}.Release|Any CPU.Build.0 = Release|Any CPU
		{C132D8EB-DBDB-4977-8A13-B68465DC31E6}.Debug|Any CPU.ActiveCfg = Debug|Any CPU
		{C132D8EB-DBDB-4977-8A13-B68465DC31E6}.Debug|Any CPU.Build.0 = Debug|Any CPU
		{C132D8EB-DBDB-4977-8A13-B68465DC31E6}.Release|Any CPU.ActiveCfg = Release|Any CPU
		{C132D8EB-DBDB-4977-8A13-B68465DC31E6}.Release|Any CPU.Build.0 = Release|Any CPU
		{A87859BF-AC68-4A97-BCF5-0CB6F8539E3E}.Debug|Any CPU.ActiveCfg = Debug|Any CPU
		{A87859BF-AC68-4A97-BCF5-0CB6F8539E3E}.Debug|Any CPU.Build.0 = Debug|Any CPU
		{A87859BF-AC68-4A97-BCF5-0CB6F8539E3E}.Release|Any CPU.ActiveCfg = Release|Any CPU
		{A87859BF-AC68-4A97-BCF5-0CB6F8539E3E}.Release|Any CPU.Build.0 = Release|Any CPU
		{6EAB7F2E-0AA9-459B-AE61-44B73786CBB9}.Debug|Any CPU.ActiveCfg = Debug|Any CPU
		{6EAB7F2E-0AA9-459B-AE61-44B73786CBB9}.Debug|Any CPU.Build.0 = Debug|Any CPU
		{6EAB7F2E-0AA9-459B-AE61-44B73786CBB9}.Release|Any CPU.ActiveCfg = Release|Any CPU
		{6EAB7F2E-0AA9-459B-AE61-44B73786CBB9}.Release|Any CPU.Build.0 = Release|Any CPU
		{826DF4FC-F16C-4D1B-B878-E1A94454CD19}.Debug|Any CPU.ActiveCfg = Debug|Any CPU
		{826DF4FC-F16C-4D1B-B878-E1A94454CD19}.Debug|Any CPU.Build.0 = Debug|Any CPU
		{826DF4FC-F16C-4D1B-B878-E1A94454CD19}.Release|Any CPU.ActiveCfg = Release|Any CPU
		{826DF4FC-F16C-4D1B-B878-E1A94454CD19}.Release|Any CPU.Build.0 = Release|Any CPU
	EndGlobalSection
	GlobalSection(SolutionProperties) = preSolution
		HideSolutionNode = FALSE
	EndGlobalSection
	GlobalSection(ExtensibilityGlobals) = postSolution
		SolutionGuid = {A3CAA110-CE07-444F-BF48-3913273CDBE3}
	EndGlobalSection
EndGlobal
